
Microsoft Visual Studio Solution File, Format Version 12.00
# Visual Studio Version 16
VisualStudioVersion = 16.0.30907.101
MinimumVisualStudioVersion = 10.0.40219.1
Project("{FAE04EC0-301F-11D3-BF4B-00C04F79EFBC}") = "ClientApplication", "ClientApplication.csproj", "{89A93F30-0B70-4AEE-8942-095D414ECF58}"
EndProject
Global
	GlobalSection(SolutionConfigurationPlatforms) = preSolution
		Debug|Any CPU = Debug|Any CPU
		Release|Any CPU = Release|Any CPU
	EndGlobalSection
	GlobalSection(ProjectConfigurationPlatforms) = postSolution
		{89A93F30-0B70-4AEE-8942-095D414ECF58}.Debug|Any CPU.ActiveCfg = Debug|Any CPU
		{89A93F30-0B70-4AEE-8942-095D414ECF58}.Debug|Any CPU.Build.0 = Debug|Any CPU
		{89A93F30-0B70-4AEE-8942-095D414ECF58}.Release|Any CPU.ActiveCfg = Release|Any CPU
		{89A93F30-0B70-4AEE-8942-095D414ECF58}.Release|Any CPU.Build.0 = Release|Any CPU
	EndGlobalSection
	GlobalSection(SolutionProperties) = preSolution
		HideSolutionNode = FALSE
	EndGlobalSection
	GlobalSection(ExtensibilityGlobals) = postSolution
		SolutionGuid = {336E1629-161E-40B2-AFD1-56C20109A3BB}
	EndGlobalSection
EndGlobal
